
Microsoft Visual Studio Solution File, Format Version 12.00
# Visual Studio Version 17
VisualStudioVersion = 17.9.34728.123
MinimumVisualStudioVersion = 10.0.40219.1
Project("{9A19103F-16F7-4668-BE54-9A1E7A4F7556}") = "Booking.WebAPI", "Booking.WebAPI\Booking.WebAPI.csproj", "{D4C9EB8A-350E-4F60-AFE6-73D6C738A229}"
EndProject
Project("{FAE04EC0-301F-11D3-BF4B-00C04F79EFBC}") = "Booking.WebApiTests", "Booking.WebApiTests\Booking.WebApiTests.csproj", "{E97DD69D-9CDE-443B-861F-96C48AA1F5A9}"
EndProject
Global
	GlobalSection(SolutionConfigurationPlatforms) = preSolution
		Debug|Any CPU = Debug|Any CPU
		Release|Any CPU = Release|Any CPU
	EndGlobalSection
	GlobalSection(ProjectConfigurationPlatforms) = postSolution
		{D4C9EB8A-350E-4F60-AFE6-73D6C738A229}.Debug|Any CPU.ActiveCfg = Debug|Any CPU
		{D4C9EB8A-350E-4F60-AFE6-73D6C738A229}.Debug|Any CPU.Build.0 = Debug|Any CPU
		{D4C9EB8A-350E-4F60-AFE6-73D6C738A229}.Release|Any CPU.ActiveCfg = Release|Any CPU
		{D4C9EB8A-350E-4F60-AFE6-73D6C738A229}.Release|Any CPU.Build.0 = Release|Any CPU
		{E97DD69D-9CDE-443B-861F-96C48AA1F5A9}.Debug|Any CPU.ActiveCfg = Debug|Any CPU
		{E97DD69D-9CDE-443B-861F-96C48AA1F5A9}.Debug|Any CPU.Build.0 = Debug|Any CPU
		{E97DD69D-9CDE-443B-861F-96C48AA1F5A9}.Release|Any CPU.ActiveCfg = Release|Any CPU
		{E97DD69D-9CDE-443B-861F-96C48AA1F5A9}.Release|Any CPU.Build.0 = Release|Any CPU
	EndGlobalSection
	GlobalSection(SolutionProperties) = preSolution
		HideSolutionNode = FALSE
	EndGlobalSection
	GlobalSection(ExtensibilityGlobals) = postSolution
		SolutionGuid = {E25B34DD-B0DA-4151-AC61-9F395AC8F28A}
	EndGlobalSection
EndGlobal
